# This file is generated by running "yarn install" inside your project.
# Manual changes might be lost - proceed with caution!

__metadata:
  version: 10
  cacheKey: 10c0

"diagnostik-befunddokumentation@workspace:.":
  version: 0.0.0-use.local
  resolution: "diagnostik-befunddokumentation@workspace:."
  languageName: unknown
  linkType: soft
